dependencies:
- name: mysql
  repository: https://charts.bitnami.com/bitnami
  version: 9.19.1
- name: postgresql
  repository: https://charts.bitnami.com/bitnami
  version: 15.2.5
- name: postgresql-ha
  repository: https://charts.bitnami.com/bitnami
  version: 14.0.3
- name: rabbitmq
  repository: https://charts.bitnami.com/bitnami
  version: 11.16.2
- name: redis
  repository: https://charts.bitnami.com/bitnami
  version: 19.1.1
digest: sha256:1baa8e74ccd4ffa80b08d94377426e5b246ef6965b373f0ff092fdbc3f3a48c0
generated: "2024-04-17T21:58:07.15423354Z"
