dependencies:
- name: mysql
  repository: https://charts.bitnami.com/bitnami
  version: 9.19.1
- name: postgresql
  repository: https://charts.bitnami.com/bitnami
  version: 15.2.5
- name: postgresql-ha
  repository: https://charts.bitnami.com/bitnami
  version: 9.4.11
- name: rabbitmq
  repository: https://charts.bitnami.com/bitnami
  version: 14.0.1
- name: redis
  repository: https://charts.bitnami.com/bitnami
  version: 19.1.1
digest: sha256:ca1cde7c2078c58cdc1a40523f6e3fb4849159caa3ec877f4ade9d4527fa92fe
generated: "2024-04-17T21:58:44.154162353Z"
